# This file is automatically @generated by Cargo.
# It is not intended for manual editing.
version = 3

[[package]]
name = "ahash"
version = "0.3.8"
source = "registry+https://github.com/rust-lang/crates.io-index"
checksum = "e8fd72866655d1904d6b0997d0b07ba561047d070fbe29de039031c641b61217"
dependencies = [
 "const-random",
]

[[package]]
name = "ansi_term"
version = "0.11.0"
source = "registry+https://github.com/rust-lang/crates.io-index"
checksum = "ee49baf6cb617b853aa8d93bf420db2383fab46d314482ca2803b40d5fde979b"
dependencies = [
 "winapi",
]

[[package]]
name = "anyhow"
version = "1.0.45"
source = "registry+https://github.com/rust-lang/crates.io-index"
checksum = "ee10e43ae4a853c0a3591d4e2ada1719e553be18199d9da9d4a83f5927c2f5c7"

[[package]]
name = "ar"
version = "0.9.0"
source = "registry+https://github.com/rust-lang/crates.io-index"
checksum = "d67af77d68a931ecd5cbd8a3b5987d63a1d1d1278f7f6a60ae33db485cdebb69"

[[package]]
name = "atty"
version = "0.2.14"
source = "registry+https://github.com/rust-lang/crates.io-index"
checksum = "d9b39be18770d11421cdb1b9947a45dd3f37e93092cbf377614828a319d5fee8"
dependencies = [
 "hermit-abi",
 "libc",
 "winapi",
]

[[package]]
name = "autocfg"
version = "1.0.1"
source = "registry+https://github.com/rust-lang/crates.io-index"
checksum = "cdb031dd78e28731d87d56cc8ffef4a8f36ca26c38fe2de700543e627f8a464a"

[[package]]
name = "beef"
version = "0.5.1"
source = "registry+https://github.com/rust-lang/crates.io-index"
checksum = "bed554bd50246729a1ec158d08aa3235d1b69d94ad120ebe187e28894787e736"

[[package]]
name = "bitflags"
version = "1.3.2"
source = "registry+https://github.com/rust-lang/crates.io-index"
checksum = "bef38d45163c2f1dde094a7dfd33ccf595c92905c8f8f4fdc18d06fb1037718a"

[[package]]
name = "cfg-if"
version = "1.0.0"
source = "registry+https://github.com/rust-lang/crates.io-index"
checksum = "baf1de4339761588bc0619e3cbc0120ee582ebb74b53b4efbf79117bd2da40fd"

[[package]]
name = "chrono"
version = "0.4.19"
source = "registry+https://github.com/rust-lang/crates.io-index"
checksum = "670ad68c9088c2a963aaa298cb369688cf3f9465ce5e2d4ca10e6e0098a1ce73"
dependencies = [
 "libc",
 "num-integer",
 "num-traits",
 "time",
 "winapi",
]

[[package]]
name = "chumsky"
version = "0.7.0"
source = "registry+https://github.com/rust-lang/crates.io-index"
checksum = "091823bc52a25302827bc0d34813ecf770b84d663a3aaac396b5d0dbd4ef1dcb"
dependencies = [
 "ahash",
]

[[package]]
name = "clap"
version = "2.33.3"
source = "registry+https://github.com/rust-lang/crates.io-index"
checksum = "37e58ac78573c40708d45522f0d80fa2f01cc4f9b4e2bf749807255454312002"
dependencies = [
 "ansi_term",
 "atty",
 "bitflags",
 "strsim",
 "textwrap",
 "unicode-width",
 "vec_map",
]

[[package]]
name = "codespan-reporting"
version = "0.11.1"
source = "registry+https://github.com/rust-lang/crates.io-index"
checksum = "3538270d33cc669650c4b093848450d380def10c331d38c768e34cac80576e6e"
dependencies = [
 "termcolor",
 "unicode-width",
]

[[package]]
name = "const-random"
version = "0.1.13"
source = "registry+https://github.com/rust-lang/crates.io-index"
checksum = "f590d95d011aa80b063ffe3253422ed5aa462af4e9867d43ce8337562bac77c4"
dependencies = [
 "const-random-macro",
 "proc-macro-hack",
]

[[package]]
name = "const-random-macro"
version = "0.1.13"
source = "registry+https://github.com/rust-lang/crates.io-index"
checksum = "615f6e27d000a2bffbc7f2f6a8669179378fa27ee4d0a509e985dfc0a7defb40"
dependencies = [
 "getrandom",
 "lazy_static",
 "proc-macro-hack",
 "tiny-keccak",
]

[[package]]
name = "convert_case"
version = "0.4.0"
source = "registry+https://github.com/rust-lang/crates.io-index"
checksum = "6245d59a3e82a7fc217c5828a6692dbc6dfb63a0c8c90495621f7b9d79704a0e"

[[package]]
name = "cranelift"
version = "0.78.0"
source = "registry+https://github.com/rust-lang/crates.io-index"
checksum = "33f3bad65c55d61eaccd8bef711b9b781c489863434beb9b52dab205ba78ef22"
dependencies = [
 "cranelift-codegen",
 "cranelift-frontend",
]

[[package]]
name = "cranelift-bforest"
version = "0.78.0"
source = "registry+https://github.com/rust-lang/crates.io-index"
checksum = "cc0cb7df82c8cf8f2e6a8dd394a0932a71369c160cc9b027dca414fced242513"
dependencies = [
 "cranelift-entity",
]

[[package]]
name = "cranelift-codegen"
version = "0.78.0"
source = "registry+https://github.com/rust-lang/crates.io-index"
checksum = "fe4463c15fa42eee909e61e5eac4866b7c6d22d0d8c621e57a0c5380753bfa8c"
dependencies = [
 "cranelift-bforest",
 "cranelift-codegen-meta",
 "cranelift-codegen-shared",
 "cranelift-entity",
 "log",
 "regalloc",
 "smallvec",
 "target-lexicon",
]

[[package]]
name = "cranelift-codegen-meta"
version = "0.78.0"
source = "registry+https://github.com/rust-lang/crates.io-index"
checksum = "793f6a94a053a55404ea16e1700202a88101672b8cd6b4df63e13cde950852bf"
dependencies = [
 "cranelift-codegen-shared",
 "cranelift-entity",
]

[[package]]
name = "cranelift-codegen-shared"
version = "0.78.0"
source = "registry+https://github.com/rust-lang/crates.io-index"
checksum = "44aa1846df275bce5eb30379d65964c7afc63c05a117076e62a119c25fe174be"

[[package]]
name = "cranelift-entity"
version = "0.78.0"
source = "registry+https://github.com/rust-lang/crates.io-index"
checksum = "a3a45d8d6318bf8fc518154d9298eab2a8154ec068a8885ff113f6db8d69bb3a"

[[package]]
name = "cranelift-frontend"
version = "0.78.0"
source = "registry+https://github.com/rust-lang/crates.io-index"
checksum = "e07339bd461766deb7605169de039e01954768ff730fa1254e149001884a8525"
dependencies = [
 "cranelift-codegen",
 "log",
 "smallvec",
 "target-lexicon",
]

[[package]]
name = "cranelift-module"
version = "0.78.0"
source = "registry+https://github.com/rust-lang/crates.io-index"
checksum = "825ac7e0959cbe7ddc9cc21209f0319e611a57f9fcb2b723861fe7ef2017e651"
dependencies = [
 "anyhow",
 "cranelift-codegen",
 "cranelift-entity",
 "log",
]

[[package]]
name = "cranelift-native"
version = "0.78.0"
source = "registry+https://github.com/rust-lang/crates.io-index"
checksum = "03e2fca76ff57e0532936a71e3fc267eae6a19a86656716479c66e7f912e3d7b"
dependencies = [
 "cranelift-codegen",
 "libc",
 "target-lexicon",
]

[[package]]
name = "cranelift-object"
version = "0.78.0"
source = "registry+https://github.com/rust-lang/crates.io-index"
checksum = "55500d0fc9bb05c0944fc4506649249d28f55bd4fe95b87f0e55bf41058f0e6d"
dependencies = [
 "anyhow",
 "cranelift-codegen",
 "cranelift-module",
 "log",
 "object",
 "target-lexicon",
]

[[package]]
name = "crc32fast"
version = "1.2.1"
source = "registry+https://github.com/rust-lang/crates.io-index"
checksum = "81156fece84ab6a9f2afdb109ce3ae577e42b1228441eded99bd77f627953b1a"
dependencies = [
 "cfg-if",
]

[[package]]
name = "crunchy"
version = "0.2.2"
source = "registry+https://github.com/rust-lang/crates.io-index"
checksum = "7a81dae078cea95a014a339291cec439d2f232ebe854a9d672b796c6afafa9b7"

[[package]]
name = "fern"
version = "0.6.0"
source = "registry+https://github.com/rust-lang/crates.io-index"
checksum = "8c9a4820f0ccc8a7afd67c39a0f1a0f4b07ca1725164271a64939d7aeb9af065"
dependencies = [
 "log",
]

[[package]]
name = "fnv"
version = "1.0.7"
source = "registry+https://github.com/rust-lang/crates.io-index"
checksum = "3f9eec918d3f24069decb9af1554cad7c880e2da24a9afd88aca000531ab82c1"

[[package]]
name = "getrandom"
version = "0.2.3"
source = "registry+https://github.com/rust-lang/crates.io-index"
checksum = "7fcd999463524c52659517fe2cea98493cfe485d10565e7b0fb07dbba7ad2753"
dependencies = [
 "cfg-if",
 "libc",
 "wasi",
]

[[package]]
name = "hashbrown"
version = "0.11.2"
source = "registry+https://github.com/rust-lang/crates.io-index"
checksum = "ab5ef0d4909ef3724cc8cce6ccc8572c5c817592e9285f5464f8e86f8bd3726e"

[[package]]
name = "hermit-abi"
version = "0.1.19"
source = "registry+https://github.com/rust-lang/crates.io-index"
checksum = "62b467343b94ba476dcb2500d242dadbb39557df889310ac77c5d99100aaac33"
dependencies = [
 "libc",
]

[[package]]
name = "indexmap"
version = "1.7.0"
source = "registry+https://github.com/rust-lang/crates.io-index"
checksum = "bc633605454125dec4b66843673f01c7df2b89479b32e0ed634e43a91cff62a5"
dependencies = [
 "autocfg",
 "hashbrown",
]

[[package]]
name = "lazy_static"
version = "1.4.0"
source = "registry+https://github.com/rust-lang/crates.io-index"
checksum = "e2abad23fbc42b3700f2f279844dc832adb2b2eb069b2df918f455c4e18cc646"

[[package]]
name = "libc"
version = "0.2.106"
source = "registry+https://github.com/rust-lang/crates.io-index"
checksum = "a60553f9a9e039a333b4e9b20573b9e9b9c0bb3a11e201ccc48ef4283456d673"

[[package]]
name = "log"
version = "0.4.14"
source = "registry+https://github.com/rust-lang/crates.io-index"
checksum = "51b9bbe6c47d51fc3e1a9b945965946b4c44142ab8792c50835a980d362c2710"
dependencies = [
 "cfg-if",
]

[[package]]
name = "logos"
version = "0.12.0"
source = "registry+https://github.com/rust-lang/crates.io-index"
checksum = "427e2abca5be13136da9afdbf874e6b34ad9001dd70f2b103b083a85daa7b345"
dependencies = [
 "logos-derive",
]

[[package]]
name = "logos-derive"
version = "0.12.0"
source = "registry+https://github.com/rust-lang/crates.io-index"
checksum = "56a7d287fd2ac3f75b11f19a1c8a874a7d55744bd91f7a1b3e7cf87d4343c36d"
dependencies = [
 "beef",
 "fnv",
 "proc-macro2",
 "quote",
 "regex-syntax",
 "syn",
 "utf8-ranges",
]

[[package]]
name = "memchr"
version = "2.4.1"
source = "registry+https://github.com/rust-lang/crates.io-index"
checksum = "308cc39be01b73d0d18f82a0e7b2a3df85245f84af96fdddc5d202d27e47b86a"

[[package]]
name = "num-integer"
version = "0.1.44"
source = "registry+https://github.com/rust-lang/crates.io-index"
checksum = "d2cc698a63b549a70bc047073d2949cce27cd1c7b0a4a862d08a8031bc2801db"
dependencies = [
 "autocfg",
 "num-traits",
]

[[package]]
name = "num-traits"
version = "0.2.14"
source = "registry+https://github.com/rust-lang/crates.io-index"
checksum = "9a64b1ec5cda2586e284722486d802acf1f7dbdc623e2bfc57e65ca1cd099290"
dependencies = [
 "autocfg",
]

[[package]]
name = "object"
version = "0.27.1"
source = "registry+https://github.com/rust-lang/crates.io-index"
checksum = "67ac1d3f9a1d3616fd9a60c8d74296f22406a238b6a72f5cc1e6f314df4ffbf9"
dependencies = [
 "crc32fast",
 "indexmap",
 "memchr",
]

[[package]]
name = "proc-macro-hack"
version = "0.5.19"
source = "registry+https://github.com/rust-lang/crates.io-index"
checksum = "dbf0c48bc1d91375ae5c3cd81e3722dff1abcf81a30960240640d223f59fe0e5"

[[package]]
name = "proc-macro2"
version = "1.0.32"
source = "registry+https://github.com/rust-lang/crates.io-index"
checksum = "ba508cc11742c0dc5c1659771673afbab7a0efab23aa17e854cbab0837ed0b43"
dependencies = [
 "unicode-xid",
]

[[package]]
name = "quote"
version = "1.0.10"
source = "registry+https://github.com/rust-lang/crates.io-index"
checksum = "38bc8cc6a5f2e3655e0899c1b848643b2562f853f114bfec7be120678e3ace05"
dependencies = [
 "proc-macro2",
]

[[package]]
name = "regalloc"
version = "0.0.32"
source = "registry+https://github.com/rust-lang/crates.io-index"
checksum = "a6304468554ed921da3d32c355ea107b8d13d7b8996c3adfb7aab48d3bc321f4"
dependencies = [
 "log",
 "rustc-hash",
 "smallvec",
]

[[package]]
name = "regex-syntax"
version = "0.6.25"
source = "registry+https://github.com/rust-lang/crates.io-index"
checksum = "f497285884f3fcff424ffc933e56d7cbca511def0c9831a7f9b5f6153e3cc89b"

[[package]]
name = "rustc-hash"
version = "1.1.0"
source = "registry+https://github.com/rust-lang/crates.io-index"
checksum = "08d43f7aa6b08d49f382cde6a7982047c3426db949b1424bc4b7ec9ae12c6ce2"

[[package]]
name = "serde"
version = "1.0.130"
source = "registry+https://github.com/rust-lang/crates.io-index"
checksum = "f12d06de37cf59146fbdecab66aa99f9fe4f78722e3607577a5375d66bd0c913"
dependencies = [
 "serde_derive",
]

[[package]]
name = "serde_derive"
version = "1.0.130"
source = "registry+https://github.com/rust-lang/crates.io-index"
checksum = "d7bc1a1ab1961464eae040d96713baa5a724a8152c1222492465b54322ec508b"
dependencies = [
 "proc-macro2",
 "quote",
 "syn",
]

[[package]]
name = "smallvec"
version = "1.7.0"
source = "registry+https://github.com/rust-lang/crates.io-index"
checksum = "1ecab6c735a6bb4139c0caafd0cc3635748bbb3acf4550e8138122099251f309"

[[package]]
name = "strsim"
version = "0.8.0"
source = "registry+https://github.com/rust-lang/crates.io-index"
checksum = "8ea5119cdb4c55b55d432abb513a0429384878c15dde60cc77b1c99de1a95a6a"

[[package]]
name = "syn"
version = "1.0.81"
source = "registry+https://github.com/rust-lang/crates.io-index"
checksum = "f2afee18b8beb5a596ecb4a2dce128c719b4ba399d34126b9e4396e3f9860966"
dependencies = [
 "proc-macro2",
 "quote",
 "unicode-xid",
]

[[package]]
name = "target-lexicon"
version = "0.12.2"
source = "registry+https://github.com/rust-lang/crates.io-index"
checksum = "d9bffcddbc2458fa3e6058414599e3c838a022abae82e5c67b4f7f80298d5bff"

[[package]]
name = "termcolor"
version = "1.1.2"
source = "registry+https://github.com/rust-lang/crates.io-index"
checksum = "2dfed899f0eb03f32ee8c6a0aabdb8a7949659e3466561fc0adf54e26d88c5f4"
dependencies = [
 "winapi-util",
]

[[package]]
name = "textwrap"
version = "0.11.0"
source = "registry+https://github.com/rust-lang/crates.io-index"
checksum = "d326610f408c7a4eb6f51c37c330e496b08506c9457c9d34287ecc38809fb060"
dependencies = [
 "unicode-width",
]

[[package]]
name = "time"
version = "0.1.44"
source = "registry+https://github.com/rust-lang/crates.io-index"
checksum = "6db9e6914ab8b1ae1c260a4ae7a49b6c5611b40328a735b21862567685e73255"
dependencies = [
 "libc",
 "wasi",
 "winapi",
]

[[package]]
name = "tiny-keccak"
version = "2.0.2"
source = "registry+https://github.com/rust-lang/crates.io-index"
checksum = "2c9d3793400a45f954c52e73d068316d76b6f4e36977e3fcebb13a2721e80237"
dependencies = [
 "crunchy",
]

[[package]]
name = "toml"
version = "0.5.8"
source = "registry+https://github.com/rust-lang/crates.io-index"
checksum = "a31142970826733df8241ef35dc040ef98c679ab14d7c3e54d827099b3acecaa"
dependencies = [
 "serde",
]

[[package]]
name = "ulc"
version = "0.1.0"
dependencies = [
 "anyhow",
 "chrono",
 "clap",
 "fern",
 "log",
 "serde",
 "toml",
 "ulc_builder",
]

[[package]]
name = "ulc_ast"
version = "0.1.0"
dependencies = [
 "ulc_lexer",
 "ulc_types",
]

[[package]]
name = "ulc_builder"
version = "0.1.0"
dependencies = [
 "anyhow",
 "log",
 "serde",
 "ulc_codegen_cranelift",
 "ulc_middle_ast",
 "ulc_parser",
 "ulc_types",
]

[[package]]
name = "ulc_codegen_cranelift"
version = "0.1.0"
dependencies = [
 "anyhow",
 "ar",
 "cranelift",
 "cranelift-module",
 "cranelift-native",
 "cranelift-object",
 "log",
 "target-lexicon",
 "ulc_ast",
 "ulc_middle_ast",
 "ulc_types",
]

[[package]]
name = "ulc_lexer"
version = "0.1.0"
dependencies = [
 "logos",
 "ulc_types",
]

[[package]]
name = "ulc_middle_ast"
version = "0.1.0"
dependencies = [
 "anyhow",
 "convert_case",
 "ulc_ast",
 "ulc_types",
]

[[package]]
name = "ulc_parser"
version = "0.1.0"
dependencies = [
 "anyhow",
 "chumsky",
 "ulc_ast",
 "ulc_lexer",
 "ulc_types",
]

[[package]]
name = "ulc_types"
version = "0.1.0"
dependencies = [
 "anyhow",
 "codespan-reporting",
 "logos",
]

[[package]]
name = "unicode-width"
version = "0.1.9"
source = "registry+https://github.com/rust-lang/crates.io-index"
checksum = "3ed742d4ea2bd1176e236172c8429aaf54486e7ac098db29ffe6529e0ce50973"

[[package]]
name = "unicode-xid"
version = "0.2.2"
source = "registry+https://github.com/rust-lang/crates.io-index"
checksum = "8ccb82d61f80a663efe1f787a51b16b5a51e3314d6ac365b08639f52387b33f3"

[[package]]
name = "utf8-ranges"
version = "1.0.4"
source = "registry+https://github.com/rust-lang/crates.io-index"
checksum = "b4ae116fef2b7fea257ed6440d3cfcff7f190865f170cdad00bb6465bf18ecba"

[[package]]
name = "vec_map"
version = "0.8.2"
source = "registry+https://github.com/rust-lang/crates.io-index"
checksum = "f1bddf1187be692e79c5ffeab891132dfb0f236ed36a43c7ed39f1165ee20191"

[[package]]
name = "wasi"
version = "0.10.0+wasi-snapshot-preview1"
source = "registry+https://github.com/rust-lang/crates.io-index"
checksum = "1a143597ca7c7793eff794def352d41792a93c481eb1042423ff7ff72ba2c31f"

[[package]]
name = "winapi"
version = "0.3.9"
source = "registry+https://github.com/rust-lang/crates.io-index"
checksum = "5c839a674fcd7a98952e593242ea400abe93992746761e38641405d28b00f419"
dependencies = [
 "winapi-i686-pc-windows-gnu",
 "winapi-x86_64-pc-windows-gnu",
]

[[package]]
name = "winapi-i686-pc-windows-gnu"
version = "0.4.0"
source = "registry+https://github.com/rust-lang/crates.io-index"
checksum = "ac3b87c63620426dd9b991e5ce0329eff545bccbbb34f3be09ff6fb6ab51b7b6"

[[package]]
name = "winapi-util"
version = "0.1.5"
source = "registry+https://github.com/rust-lang/crates.io-index"
checksum = "70ec6ce85bb158151cae5e5c87f95a8e97d2c0c4b001223f33a334e3ce5de178"
dependencies = [
 "winapi",
]

[[package]]
name = "winapi-x86_64-pc-windows-gnu"
version = "0.4.0"
source = "registry+https://github.com/rust-lang/crates.io-index"
checksum = "712e227841d057c1ee1cd2fb22fa7e5a5461ae8e48fa2ca79ec42cfc1931183f"
